
Microsoft Visual Studio Solution File, Format Version 12.00
# Visual Studio 14
VisualStudioVersion = 14.0.25123.0
MinimumVisualStudioVersion = 10.0.40219.1
Project("{2150E333-8FDC-42A3-9474-1A3956D46DE8}") = "src", "src", "{E66A8B0A-45E7-44A0-80D5-C918631EF2B3}"
EndProject
Project("{2150E333-8FDC-42A3-9474-1A3956D46DE8}") = "Solution Items", "Solution Items", "{EF53E8BA-680A-479F-BDE0-18E00E9C71F8}"
	ProjectSection(SolutionItems) = preProject
		global.json = global.json
	EndProjectSection
EndProject
Project("{8BB2217D-0F2D-49D1-97BC-3654ED321F3B}") = "ReactPrueba2016_04_13", "src\ReactPrueba2016_04_13\ReactPrueba2016_04_13.xproj", "{639A7097-5BE1-4396-B632-E036935CC29E}"
EndProject
Global
	GlobalSection(SolutionConfigurationPlatforms) = preSolution
		Debug|Any CPU = Debug|Any CPU
		Release|Any CPU = Release|Any CPU
	EndGlobalSection
	GlobalSection(ProjectConfigurationPlatforms) = postSolution
		{639A7097-5BE1-4396-B632-E036935CC29E}.Debug|Any CPU.ActiveCfg = Debug|Any CPU
		{639A7097-5BE1-4396-B632-E036935CC29E}.Debug|Any CPU.Build.0 = Debug|Any CPU
		{639A7097-5BE1-4396-B632-E036935CC29E}.Release|Any CPU.ActiveCfg = Release|Any CPU
		{639A7097-5BE1-4396-B632-E036935CC29E}.Release|Any CPU.Build.0 = Release|Any CPU
	EndGlobalSection
	GlobalSection(SolutionProperties) = preSolution
		HideSolutionNode = FALSE
	EndGlobalSection
	GlobalSection(NestedProjects) = preSolution
		{639A7097-5BE1-4396-B632-E036935CC29E} = {E66A8B0A-45E7-44A0-80D5-C918631EF2B3}
	EndGlobalSection
EndGlobal
